
Microsoft Visual Studio Solution File, Format Version 12.00
# Visual Studio Version 17
VisualStudioVersion = 17.4.33110.190
MinimumVisualStudioVersion = 10.0.40219.1
Project("{9A19103F-16F7-4668-BE54-9A1E7A4F7556}") = "DevIO.Business", "src\DevIO.Business\DevIO.Business.csproj", "{3D0CAC2A-141D-444E-B36F-8242BC26416C}"
EndProject
Project("{9A19103F-16F7-4668-BE54-9A1E7A4F7556}") = "DevIO.Data", "src\DevIO.Data\DevIO.Data.csproj", "{05E73E01-75C3-4A6B-ABB1-3CA056FE97B4}"
EndProject
Project("{FAE04EC0-301F-11D3-BF4B-00C04F79EFBC}") = "DevIO.Api", "src\DevIO.Api\DevIO.Api.csproj", "{0348732D-7454-4315-B6C8-93503CB03C94}"
EndProject
Global
	GlobalSection(SolutionConfigurationPlatforms) = preSolution
		Debug|Any CPU = Debug|Any CPU
		Release|Any CPU = Release|Any CPU
	EndGlobalSection
	GlobalSection(ProjectConfigurationPlatforms) = postSolution
		{3D0CAC2A-141D-444E-B36F-8242BC26416C}.Debug|Any CPU.ActiveCfg = Debug|Any CPU
		{3D0CAC2A-141D-444E-B36F-8242BC26416C}.Debug|Any CPU.Build.0 = Debug|Any CPU
		{3D0CAC2A-141D-444E-B36F-8242BC26416C}.Release|Any CPU.ActiveCfg = Release|Any CPU
		{3D0CAC2A-141D-444E-B36F-8242BC26416C}.Release|Any CPU.Build.0 = Release|Any CPU
		{05E73E01-75C3-4A6B-ABB1-3CA056FE97B4}.Debug|Any CPU.ActiveCfg = Debug|Any CPU
		{05E73E01-75C3-4A6B-ABB1-3CA056FE97B4}.Debug|Any CPU.Build.0 = Debug|Any CPU
		{05E73E01-75C3-4A6B-ABB1-3CA056FE97B4}.Release|Any CPU.ActiveCfg = Release|Any CPU
		{05E73E01-75C3-4A6B-ABB1-3CA056FE97B4}.Release|Any CPU.Build.0 = Release|Any CPU
		{0348732D-7454-4315-B6C8-93503CB03C94}.Debug|Any CPU.ActiveCfg = Debug|Any CPU
		{0348732D-7454-4315-B6C8-93503CB03C94}.Debug|Any CPU.Build.0 = Debug|Any CPU
		{0348732D-7454-4315-B6C8-93503CB03C94}.Release|Any CPU.ActiveCfg = Release|Any CPU
		{0348732D-7454-4315-B6C8-93503CB03C94}.Release|Any CPU.Build.0 = Release|Any CPU
	EndGlobalSection
	GlobalSection(SolutionProperties) = preSolution
		HideSolutionNode = FALSE
	EndGlobalSection
	GlobalSection(ExtensibilityGlobals) = postSolution
		SolutionGuid = {B0914D5C-B88C-4162-A704-469AC4AA4F7D}
	EndGlobalSection
EndGlobal
